// !$*UTF8*$!
{
	archiveVersion = 1;
	classes = {
	};
	objectVersion = 54;
	objects = {

/* Begin PBXBuildFile section */
		5A84C159266F879600968138 /* ThemeButton.swift in Sources */ = {isa = PBXBuildFile; fileRef = 5A84C158266F879600968138 /* ThemeButton.swift */; };
		5A84C15B266F8D3400968138 /* CardView.swift in Sources */ = {isa = PBXBuildFile; fileRef = 5A84C15A266F8D3400968138 /* CardView.swift */; };
		5ACB95C0266D948D0043F6BB /* MemorizeApp.swift in Sources */ = {isa = PBXBuildFile; fileRef = 5ACB95BF266D948D0043F6BB /* MemorizeApp.swift */; };
		5ACB95C2266D948D0043F6BB /* MemorizeView.swift in Sources */ = {isa = PBXBuildFile; fileRef = 5ACB95C1266D948D0043F6BB /* MemorizeView.swift */; };
		5ACB95C4266D948F0043F6BB /* Assets.xcassets in Resources */ = {isa = PBXBuildFile; fileRef = 5ACB95C3266D948F0043F6BB /* Assets.xcassets */; };
		5ACB95C7266D948F0043F6BB /* Preview Assets.xcassets in Resources */ = {isa = PBXBuildFile; fileRef = 5ACB95C6266D948F0043F6BB /* Preview Assets.xcassets */; };
/* End PBXBuildFile section */

/* Begin PBXFileReference section */
		5A84C158266F879600968138 /* ThemeButton.swift */ = {isa = PBXFileReference; lastKnownFileType = sourcecode.swift; path = ThemeButton.swift; sourceTree = "<group>"; };
		5A84C15A266F8D3400968138 /* CardView.swift */ = {isa = PBXFileReference; lastKnownFileType = sourcecode.swift; path = CardView.swift; sourceTree = "<group>"; };
		5ACB95BC266D948D0043F6BB /* MemorizeUI.app */ = {isa = PBXFileReference; explicitFileType = wrapper.application; includeInIndex = 0; path = MemorizeUI.app; sourceTree = BUILT_PRODUCTS_DIR; };
		5ACB95BF266D948D0043F6BB /* MemorizeApp.swift */ = {isa = PBXFileReference; lastKnownFileType = sourcecode.swift; path = MemorizeApp.swift; sourceTree = "<group>"; };
		5ACB95C1266D948D0043F6BB /* MemorizeView.swift */ = {isa = PBXFileReference; lastKnownFileType = sourcecode.swift; path = MemorizeView.swift; sourceTree = "<group>"; };
		5ACB95C3266D948F0043F6BB /* Assets.xcassets */ = {isa = PBXFileReference; lastKnownFileType = folder.assetcatalog; path = Assets.xcassets; sourceTree = "<group>"; };
		5ACB95C6266D948F0043F6BB /* Preview Assets.xcassets */ = {isa = PBXFileReference; lastKnownFileType = folder.assetcatalog; path = "Preview Assets.xcassets"; sourceTree = "<group>"; };
		5ACB95C8266D948F0043F6BB /* Info.plist */ = {isa = PBXFileReference; lastKnownFileType = text.plist.xml; path = Info.plist; sourceTree = "<group>"; };
/* End PBXFileReference section */

/* Begin PBXFrameworksBuildPhase section */
		5ACB95B9266D948D0043F6BB /* Frameworks */ = {
			isa = PBXFrameworksBuildPhase;
			buildActionMask = 2147483647;
			files = (
			);
			runOnlyForDeploymentPostprocessing = 0;
		};
/* End PBXFrameworksBuildPhase section */

/* Begin PBXGroup section */
		5ACB95B3266D948D0043F6BB = {
			isa = PBXGroup;
			children = (
				5ACB95BE266D948D0043F6BB /* MemorizeUI */,
				5ACB95BD266D948D0043F6BB /* Products */,
			);
			sourceTree = "<group>";
		};
		5ACB95BD266D948D0043F6BB /* Products */ = {
			isa = PBXGroup;
			children = (
				5ACB95BC266D948D0043F6BB /* MemorizeUI.app */,
			);
			name = Products;
			sourceTree = "<group>";
		};
		5ACB95BE266D948D0043F6BB /* MemorizeUI */ = {
			isa = PBXGroup;
			children = (
				5ACB95D1266D97840043F6BB /* Resources */,
				5ACB95D0266D97770043F6BB /* Views */,
				5ACB95CF266D97650043F6BB /* Application */,
				5ACB95CE266D97550043F6BB /* Supporting Files */,
				5ACB95C5266D948F0043F6BB /* Preview Content */,
			);
			path = MemorizeUI;
			sourceTree = "<group>";
		};
		5ACB95C5266D948F0043F6BB /* Preview Content */ = {
			isa = PBXGroup;
			children = (
				5ACB95C6266D948F0043F6BB /* Preview Assets.xcassets */,
			);
			path = "Preview Content";
			sourceTree = "<group>";
		};
		5ACB95CE266D97550043F6BB /* Supporting Files */ = {
			isa = PBXGroup;
			children = (
				5ACB95C8266D948F0043F6BB /* Info.plist */,
			);
			path = "Supporting Files";
			sourceTree = "<group>";
		};
		5ACB95CF266D97650043F6BB /* Application */ = {
			isa = PBXGroup;
			children = (
				5ACB95BF266D948D0043F6BB /* MemorizeApp.swift */,
			);
			path = Application;
			sourceTree = "<group>";
		};
		5ACB95D0266D97770043F6BB /* Views */ = {
			isa = PBXGroup;
			children = (
				5ACB95C1266D948D0043F6BB /* MemorizeView.swift */,
				5A84C158266F879600968138 /* ThemeButton.swift */,
				5A84C15A266F8D3400968138 /* CardView.swift */,
			);
			path = Views;
			sourceTree = "<group>";
		};
		5ACB95D1266D97840043F6BB /* Resources */ = {
			isa = PBXGroup;
			children = (
				5ACB95C3266D948F0043F6BB /* Assets.xcassets */,
			);
			path = Resources;
			sourceTree = "<group>";
		};
/* End PBXGroup section */

/* Begin PBXNativeTarget section */
		5ACB95BB266D948D0043F6BB /* MemorizeUI */ = {
			isa = PBXNativeTarget;
			buildConfigurationList = 5ACB95CB266D948F0043F6BB /* Build configuration list for PBXNativeTarget "MemorizeUI" */;
			buildPhases = (
				5ACB95B8266D948D0043F6BB /* Sources */,
				5ACB95B9266D948D0043F6BB /* Frameworks */,
				5ACB95BA266D948D0043F6BB /* Resources */,
			);
			buildRules = (
			);
			dependencies = (
			);
			name = MemorizeUI;
			productName = MemorizeUI;
			productReference = 5ACB95BC266D948D0043F6BB /* MemorizeUI.app */;
			productType = "com.apple.product-type.application";
		};
/* End PBXNativeTarget section */

/* Begin PBXProject section */
		5ACB95B4266D948D0043F6BB /* Project object */ = {
			isa = PBXProject;
			attributes = {
				BuildIndependentTargetsInParallel = YES;
				LastSwiftUpdateCheck = 1250;
				LastUpgradeCheck = 1500;
				TargetAttributes = {
					5ACB95BB266D948D0043F6BB = {
						CreatedOnToolsVersion = 12.5;
					};
				};
			};
			buildConfigurationList = 5ACB95B7266D948D0043F6BB /* Build configuration list for PBXProject "MemorizeUI" */;
			compatibilityVersion = "Xcode 9.3";
			developmentRegion = en;
			hasScannedForEncodings = 0;
			knownRegions = (
				en,
				Base,
			);
			mainGroup = 5ACB95B3266D948D0043F6BB;
			productRefGroup = 5ACB95BD266D948D0043F6BB /* Products */;
			projectDirPath = "";
			projectRoot = "";
			targets = (
				5ACB95BB266D948D0043F6BB /* MemorizeUI */,
			);
		};
/* End PBXProject section */

/* Begin PBXResourcesBuildPhase section */
		5ACB95BA266D948D0043F6BB /* Resources */ = {
			isa = PBXResourcesBuildPhase;
			buildActionMask = 2147483647;
			files = (
				5ACB95C7266D948F0043F6BB /* Preview Assets.xcassets in Resources */,
				5ACB95C4266D948F0043F6BB /* Assets.xcassets in Resources */,
			);
			runOnlyForDeploymentPostprocessing = 0;
		};
/* End PBXResourcesBuildPhase section */

/* Begin PBXSourcesBuildPhase section */
		5ACB95B8266D948D0043F6BB /* Sources */ = {
			isa = PBXSourcesBuildPhase;
			buildActionMask = 2147483647;
			files = (
				5ACB95C2266D948D0043F6BB /* MemorizeView.swift in Sources */,
				5ACB95C0266D948D0043F6BB /* MemorizeApp.swift in Sources */,
				5A84C15B266F8D3400968138 /* CardView.swift in Sources */,
				5A84C159266F879600968138 /* ThemeButton.swift in Sources */,
			);
			runOnlyForDeploymentPostprocessing = 0;
		};
/* End PBXSourcesBuildPhase section */

/* Begin XCBuildConfiguration section */
		5ACB95C9266D948F0043F6BB /* Debug */ = {
			isa = XCBuildConfiguration;
			buildSettings = {
				ALWAYS_SEARCH_USER_PATHS = NO;
				CLANG_ANALYZER_NONNULL = YES;
				CLANG_ANALYZER_NUMBER_OBJECT_CONVERSION = YES_AGGRESSIVE;
				CLANG_CXX_LANGUAGE_STANDARD = "gnu++14";
				CLANG_CXX_LIBRARY = "libc++";
				CLANG_ENABLE_MODULES = YES;
				CLANG_ENABLE_OBJC_ARC = YES;
				CLANG_ENABLE_OBJC_WEAK = YES;
				CLANG_WARN_BLOCK_CAPTURE_AUTORELEASING = YES;
				CLANG_WARN_BOOL_CONVERSION = YES;
				CLANG_WARN_COMMA = YES;
				CLANG_WARN_CONSTANT_CONVERSION = YES;
				CLANG_WARN_DEPRECATED_OBJC_IMPLEMENTATIONS = YES;
				CLANG_WARN_DIRECT_OBJC_ISA_USAGE = YES_ERROR;
				CLANG_WARN_DOCUMENTATION_COMMENTS = YES;
				CLANG_WARN_EMPTY_BODY = YES;
				CLANG_WARN_ENUM_CONVERSION = YES;
				CLANG_WARN_INFINITE_RECURSION = YES;
				CLANG_WARN_INT_CONVERSION = YES;
				CLANG_WARN_NON_LITERAL_NULL_CONVERSION = YES;
				CLANG_WARN_OBJC_IMPLICIT_RETAIN_SELF = YES;
				CLANG_WARN_OBJC_LITERAL_CONVERSION = YES;
				CLANG_WARN_OBJC_ROOT_CLASS = YES_ERROR;
				CLANG_WARN_QUOTED_INCLUDE_IN_FRAMEWORK_HEADER = YES;
				CLANG_WARN_RANGE_LOOP_ANALYSIS = YES;
				CLANG_WARN_STRICT_PROTOTYPES = YES;
				CLANG_WARN_SUSPICIOUS_MOVE = YES;
				CLANG_WARN_UNGUARDED_AVAILABILITY = YES_AGGRESSIVE;
				CLANG_WARN_UNREACHABLE_CODE = YES;
				CLANG_WARN__DUPLICATE_METHOD_MATCH = YES;
				COPY_PHASE_STRIP = NO;
				DEBUG_INFORMATION_FORMAT = dwarf;
				ENABLE_STRICT_OBJC_MSGSEND = YES;
				ENABLE_TESTABILITY = YES;
				ENABLE_USER_SCRIPT_SANDBOXING = YES;
				GCC_C_LANGUAGE_STANDARD = gnu11;
				GCC_DYNAMIC_NO_PIC = NO;
				GCC_NO_COMMON_BLOCKS = YES;
				GCC_OPTIMIZATION_LEVEL = 0;
				GCC_PREPROCESSOR_DEFINITIONS = (
					"DEBUG=1",
					"$(inherited)",
				);
				GCC_WARN_64_TO_32_BIT_CONVERSION = YES;
				GCC_WARN_ABOUT_RETURN_TYPE = YES_ERROR;
				GCC_WARN_UNDECLARED_SELECTOR = YES;
				GCC_WARN_UNINITIALIZED_AUTOS = YES_AGGRESSIVE;
				GCC_WARN_UNUSED_FUNCTION = YES;
				GCC_WARN_UNUSED_VARIABLE = YES;
				IPHONEOS_DEPLOYMENT_TARGET = 14.5;
				MTL_ENABLE_DEBUG_INFO = INCLUDE_SOURCE;
				MTL_FAST_MATH = YES;
				ONLY_ACTIVE_ARCH = YES;
				SDKROOT = iphoneos;
				SWIFT_ACTIVE_COMPILATION_CONDITIONS = DEBUG;
				SWIFT_OPTIMIZATION_LEVEL = "-Onone";
			};
			name = Debug;
		};
		5ACB95CA266D948F0043F6BB /* Release */ = {
			isa = XCBuildConfiguration;
			buildSettings = {
				ALWAYS_SEARCH_USER_PATHS = NO;
				CLANG_ANALYZER_NONNULL = YES;
				CLANG_ANALYZER_NUMBER_OBJECT_CONVERSION = YES_AGGRESSIVE;
				CLANG_CXX_LANGUAGE_STANDARD = "gnu++14";
				CLANG_CXX_LIBRARY = "libc++";
				CLANG_ENABLE_MODULES = YES;
				CLANG_ENABLE_OBJC_ARC = YES;
				CLANG_ENABLE_OBJC_WEAK = YES;
				CLANG_WARN_BLOCK_CAPTURE_AUTORELEASING = YES;
				CLANG_WARN_BOOL_CONVERSION = YES;
				CLANG_WARN_COMMA = YES;
				CLANG_WARN_CONSTANT_CONVERSION = YES;
				CLANG_WARN_DEPRECATED_OBJC_IMPLEMENTATIONS = YES;
				CLANG_WARN_DIRECT_OBJC_ISA_USAGE = YES_ERROR;
				CLANG_WARN_DOCUMENTATION_COMMENTS = YES;
				CLANG_WARN_EMPTY_BODY = YES;
				CLANG_WARN_ENUM_CONVERSION = YES;
				CLANG_WARN_INFINITE_RECURSION = YES;
				CLANG_WARN_INT_CONVERSION = YES;
				CLANG_WARN_NON_LITERAL_NULL_CONVERSION = YES;
				CLANG_WARN_OBJC_IMPLICIT_RETAIN_SELF = YES;
				CLANG_WARN_OBJC_LITERAL_CONVERSION = YES;
				CLANG_WARN_OBJC_ROOT_CLASS = YES_ERROR;
				CLANG_WARN_QUOTED_INCLUDE_IN_FRAMEWORK_HEADER = YES;
				CLANG_WARN_RANGE_LOOP_ANALYSIS = YES;
				CLANG_WARN_STRICT_PROTOTYPES = YES;
				CLANG_WARN_SUSPICIOUS_MOVE = YES;
				CLANG_WARN_UNGUARDED_AVAILABILITY = YES_AGGRESSIVE;
				CLANG_WARN_UNREACHABLE_CODE = YES;
				CLANG_WARN__DUPLICATE_METHOD_MATCH = YES;
				COPY_PHASE_STRIP = NO;
				DEBUG_INFORMATION_FORMAT = "dwarf-with-dsym";
				ENABLE_NS_ASSERTIONS = NO;
				ENABLE_STRICT_OBJC_MSGSEND = YES;
				ENABLE_USER_SCRIPT_SANDBOXING = YES;
				GCC_C_LANGUAGE_STANDARD = gnu11;
				GCC_NO_COMMON_BLOCKS = YES;
				GCC_WARN_64_TO_32_BIT_CONVERSION = YES;
				GCC_WARN_ABOUT_RETURN_TYPE = YES_ERROR;
				GCC_WARN_UNDECLARED_SELECTOR = YES;
				GCC_WARN_UNINITIALIZED_AUTOS = YES_AGGRESSIVE;
				GCC_WARN_UNUSED_FUNCTION = YES;
				GCC_WARN_UNUSED_VARIABLE = YES;
				IPHONEOS_DEPLOYMENT_TARGET = 14.5;
				MTL_ENABLE_DEBUG_INFO = NO;
				MTL_FAST_MATH = YES;
				SDKROOT = iphoneos;
				SWIFT_COMPILATION_MODE = wholemodule;
				SWIFT_OPTIMIZATION_LEVEL = "-O";
				VALIDATE_PRODUCT = YES;
			};
			name = Release;
		};
		5ACB95CC266D948F0043F6BB /* Debug */ = {
			isa = XCBuildConfiguration;
			buildSettings = {
				ASSETCATALOG_COMPILER_APPICON_NAME = AppIcon;
				ASSETCATALOG_COMPILER_GLOBAL_ACCENT_COLOR_NAME = AccentColor;
				CODE_SIGN_STYLE = Automatic;
				DEVELOPMENT_ASSET_PATHS = "\"MemorizeUI/Preview Content\"";
				DEVELOPMENT_TEAM = 79964U8894;
				ENABLE_PREVIEWS = YES;
				INFOPLIST_FILE = "MemorizeUI/Supporting Files/Info.plist";
				IPHONEOS_DEPLOYMENT_TARGET = 14.0;
				LD_RUNPATH_SEARCH_PATHS = (
					"$(inherited)",
					"@executable_path/Frameworks",
				);
				PRODUCT_BUNDLE_IDENTIFIER = tiago.lopes.MemorizeUI;
				PRODUCT_NAME = "$(TARGET_NAME)";
				SWIFT_VERSION = 5.0;
				TARGETED_DEVICE_FAMILY = "1,2";
			};
			name = Debug;
		};
		5ACB95CD266D948F0043F6BB /* Release */ = {
			isa = XCBuildConfiguration;
			buildSettings = {
				ASSETCATALOG_COMPILER_APPICON_NAME = AppIcon;
				ASSETCATALOG_COMPILER_GLOBAL_ACCENT_COLOR_NAME = AccentColor;
				CODE_SIGN_STYLE = Automatic;
				DEVELOPMENT_ASSET_PATHS = "\"MemorizeUI/Preview Content\"";
				DEVELOPMENT_TEAM = 79964U8894;
				ENABLE_PREVIEWS = YES;
				INFOPLIST_FILE = "MemorizeUI/Supporting Files/Info.plist";
				IPHONEOS_DEPLOYMENT_TARGET = 14.0;
				LD_RUNPATH_SEARCH_PATHS = (
					"$(inherited)",
					"@executable_path/Frameworks",
				);
				PRODUCT_BUNDLE_IDENTIFIER = tiago.lopes.MemorizeUI;
				PRODUCT_NAME = "$(TARGET_NAME)";
				SWIFT_VERSION = 5.0;
				TARGETED_DEVICE_FAMILY = "1,2";
			};
			name = Release;
		};
/* End XCBuildConfiguration section */

/* Begin XCConfigurationList section */
		5ACB95B7266D948D0043F6BB /* Build configuration list for PBXProject "MemorizeUI" */ = {
			isa = XCConfigurationList;
			buildConfigurations = (
				5ACB95C9266D948F0043F6BB /* Debug */,
				5ACB95CA266D948F0043F6BB /* Release */,
			);
			defaultConfigurationIsVisible = 0;
			defaultConfigurationName = Release;
		};
		5ACB95CB266D948F0043F6BB /* Build configuration list for PBXNativeTarget "MemorizeUI" */ = {
			isa = XCConfigurationList;
			buildConfigurations = (
				5ACB95CC266D948F0043F6BB /* Debug */,
				5ACB95CD266D948F0043F6BB /* Release */,
			);
			defaultConfigurationIsVisible = 0;
			defaultConfigurationName = Release;
		};
/* End XCConfigurationList section */
	};
	rootObject = 5ACB95B4266D948D0043F6BB /* Project object */;
}
