// !$*UTF8*$!
{
	archiveVersion = 1;
	classes = {
	};
	objectVersion = 55;
	objects = {

/* Begin PBXBuildFile section */
		5A8B2E042696608A00BC563E /* Theme.swift in Sources */ = {isa = PBXBuildFile; fileRef = 5A8B2E032696608A00BC563E /* Theme.swift */; };
		5A8B2E062696624C00BC563E /* ThemeColor.swift in Sources */ = {isa = PBXBuildFile; fileRef = 5A8B2E052696624C00BC563E /* ThemeColor.swift */; };
		5A8B2E08269720C600BC563E /* ThemeTests.swift in Sources */ = {isa = PBXBuildFile; fileRef = 5A8B2E07269720C600BC563E /* ThemeTests.swift */; };
		5A8B2E0A26972DC800BC563E /* Memorize+Theme.swift in Sources */ = {isa = PBXBuildFile; fileRef = 5A8B2E0926972DC800BC563E /* Memorize+Theme.swift */; };
		5A9314662698F305006E4A9B /* Memorize+ThemeTests.swift in Sources */ = {isa = PBXBuildFile; fileRef = 5A9314652698F305006E4A9B /* Memorize+ThemeTests.swift */; };
		5AAF1760268A86A70079476F /* MemorizeApp.swift in Sources */ = {isa = PBXBuildFile; fileRef = 5AAF175F268A86A70079476F /* MemorizeApp.swift */; };
		5AAF1762268A86A70079476F /* MemorizeView.swift in Sources */ = {isa = PBXBuildFile; fileRef = 5AAF1761268A86A70079476F /* MemorizeView.swift */; };
		5AAF1764268A86AD0079476F /* Assets.xcassets in Resources */ = {isa = PBXBuildFile; fileRef = 5AAF1763268A86AD0079476F /* Assets.xcassets */; };
		5AAF1767268A86AD0079476F /* Preview Assets.xcassets in Resources */ = {isa = PBXBuildFile; fileRef = 5AAF1766268A86AD0079476F /* Preview Assets.xcassets */; };
		5AAF1771268B31360079476F /* CardView.swift in Sources */ = {isa = PBXBuildFile; fileRef = 5AAF1770268B31360079476F /* CardView.swift */; };
		5AAF1773268B32EC0079476F /* CardsGridView.swift in Sources */ = {isa = PBXBuildFile; fileRef = 5AAF1772268B32EC0079476F /* CardsGridView.swift */; };
		5AAF1775268B3DCB0079476F /* Memorize.swift in Sources */ = {isa = PBXBuildFile; fileRef = 5AAF1774268B3DCB0079476F /* Memorize.swift */; };
		5ABC61F7268E8B7C004DE9C5 /* CardTests.swift in Sources */ = {isa = PBXBuildFile; fileRef = 5ABC61F6268E8B7C004DE9C5 /* CardTests.swift */; };
		5ABC61F9268E8C16004DE9C5 /* Card.swift in Sources */ = {isa = PBXBuildFile; fileRef = 5ABC61F8268E8C16004DE9C5 /* Card.swift */; };
		5AFB0D72268D258200CEEB5B /* MemorizeTests.swift in Sources */ = {isa = PBXBuildFile; fileRef = 5AFB0D71268D258200CEEB5B /* MemorizeTests.swift */; };
/* End PBXBuildFile section */

/* Begin PBXContainerItemProxy section */
		5AFB0D73268D258200CEEB5B /* PBXContainerItemProxy */ = {
			isa = PBXContainerItemProxy;
			containerPortal = 5AAF1754268A86A70079476F /* Project object */;
			proxyType = 1;
			remoteGlobalIDString = 5AAF175B268A86A70079476F;
			remoteInfo = Memorize;
		};
/* End PBXContainerItemProxy section */

/* Begin PBXFileReference section */
		5A8B2E032696608A00BC563E /* Theme.swift */ = {isa = PBXFileReference; lastKnownFileType = sourcecode.swift; path = Theme.swift; sourceTree = "<group>"; };
		5A8B2E052696624C00BC563E /* ThemeColor.swift */ = {isa = PBXFileReference; lastKnownFileType = sourcecode.swift; path = ThemeColor.swift; sourceTree = "<group>"; };
		5A8B2E07269720C600BC563E /* ThemeTests.swift */ = {isa = PBXFileReference; lastKnownFileType = sourcecode.swift; path = ThemeTests.swift; sourceTree = "<group>"; };
		5A8B2E0926972DC800BC563E /* Memorize+Theme.swift */ = {isa = PBXFileReference; lastKnownFileType = sourcecode.swift; path = "Memorize+Theme.swift"; sourceTree = "<group>"; };
		5A9314652698F305006E4A9B /* Memorize+ThemeTests.swift */ = {isa = PBXFileReference; lastKnownFileType = sourcecode.swift; path = "Memorize+ThemeTests.swift"; sourceTree = "<group>"; };
		5AAF175C268A86A70079476F /* Memorize.app */ = {isa = PBXFileReference; explicitFileType = wrapper.application; includeInIndex = 0; path = Memorize.app; sourceTree = BUILT_PRODUCTS_DIR; };
		5AAF175F268A86A70079476F /* MemorizeApp.swift */ = {isa = PBXFileReference; lastKnownFileType = sourcecode.swift; path = MemorizeApp.swift; sourceTree = "<group>"; };
		5AAF1761268A86A70079476F /* MemorizeView.swift */ = {isa = PBXFileReference; lastKnownFileType = sourcecode.swift; path = MemorizeView.swift; sourceTree = "<group>"; };
		5AAF1763268A86AD0079476F /* Assets.xcassets */ = {isa = PBXFileReference; lastKnownFileType = folder.assetcatalog; path = Assets.xcassets; sourceTree = "<group>"; };
		5AAF1766268A86AD0079476F /* Preview Assets.xcassets */ = {isa = PBXFileReference; lastKnownFileType = folder.assetcatalog; path = "Preview Assets.xcassets"; sourceTree = "<group>"; };
		5AAF1770268B31360079476F /* CardView.swift */ = {isa = PBXFileReference; lastKnownFileType = sourcecode.swift; path = CardView.swift; sourceTree = "<group>"; };
		5AAF1772268B32EC0079476F /* CardsGridView.swift */ = {isa = PBXFileReference; lastKnownFileType = sourcecode.swift; path = CardsGridView.swift; sourceTree = "<group>"; };
		5AAF1774268B3DCB0079476F /* Memorize.swift */ = {isa = PBXFileReference; lastKnownFileType = sourcecode.swift; path = Memorize.swift; sourceTree = "<group>"; };
		5ABC61F6268E8B7C004DE9C5 /* CardTests.swift */ = {isa = PBXFileReference; lastKnownFileType = sourcecode.swift; path = CardTests.swift; sourceTree = "<group>"; };
		5ABC61F8268E8C16004DE9C5 /* Card.swift */ = {isa = PBXFileReference; lastKnownFileType = sourcecode.swift; path = Card.swift; sourceTree = "<group>"; };
		5AFB0D6F268D258200CEEB5B /* MemorizeTests.xctest */ = {isa = PBXFileReference; explicitFileType = wrapper.cfbundle; includeInIndex = 0; path = MemorizeTests.xctest; sourceTree = BUILT_PRODUCTS_DIR; };
		5AFB0D71268D258200CEEB5B /* MemorizeTests.swift */ = {isa = PBXFileReference; lastKnownFileType = sourcecode.swift; path = MemorizeTests.swift; sourceTree = "<group>"; };
/* End PBXFileReference section */

/* Begin PBXFrameworksBuildPhase section */
		5AAF1759268A86A70079476F /* Frameworks */ = {
			isa = PBXFrameworksBuildPhase;
			buildActionMask = 2147483647;
			files = (
			);
			runOnlyForDeploymentPostprocessing = 0;
		};
		5AFB0D6C268D258200CEEB5B /* Frameworks */ = {
			isa = PBXFrameworksBuildPhase;
			buildActionMask = 2147483647;
			files = (
			);
			runOnlyForDeploymentPostprocessing = 0;
		};
/* End PBXFrameworksBuildPhase section */

/* Begin PBXGroup section */
		5AAF1753268A86A70079476F = {
			isa = PBXGroup;
			children = (
				5AAF175E268A86A70079476F /* Memorize */,
				5AFB0D70268D258200CEEB5B /* MemorizeTests */,
				5AAF175D268A86A70079476F /* Products */,
			);
			sourceTree = "<group>";
		};
		5AAF175D268A86A70079476F /* Products */ = {
			isa = PBXGroup;
			children = (
				5AAF175C268A86A70079476F /* Memorize.app */,
				5AFB0D6F268D258200CEEB5B /* MemorizeTests.xctest */,
			);
			name = Products;
			sourceTree = "<group>";
		};
		5AAF175E268A86A70079476F /* Memorize */ = {
			isa = PBXGroup;
			children = (
				5AAF175F268A86A70079476F /* MemorizeApp.swift */,
				5AAF176F268A87F80079476F /* Models */,
				5AAF176E268A87F00079476F /* Views */,
				5AAF176D268A87510079476F /* Supporting Files */,
			);
			path = Memorize;
			sourceTree = "<group>";
		};
		5AAF1765268A86AD0079476F /* Preview Content */ = {
			isa = PBXGroup;
			children = (
				5AAF1766268A86AD0079476F /* Preview Assets.xcassets */,
			);
			path = "Preview Content";
			sourceTree = "<group>";
		};
		5AAF176D268A87510079476F /* Supporting Files */ = {
			isa = PBXGroup;
			children = (
				5AAF1763268A86AD0079476F /* Assets.xcassets */,
				5AAF1765268A86AD0079476F /* Preview Content */,
			);
			path = "Supporting Files";
			sourceTree = "<group>";
		};
		5AAF176E268A87F00079476F /* Views */ = {
			isa = PBXGroup;
			children = (
				5AAF1761268A86A70079476F /* MemorizeView.swift */,
				5AAF1772268B32EC0079476F /* CardsGridView.swift */,
				5AAF1770268B31360079476F /* CardView.swift */,
			);
			path = Views;
			sourceTree = "<group>";
		};
		5AAF176F268A87F80079476F /* Models */ = {
			isa = PBXGroup;
			children = (
				5AAF1774268B3DCB0079476F /* Memorize.swift */,
				5ABC61F8268E8C16004DE9C5 /* Card.swift */,
				5A8B2E032696608A00BC563E /* Theme.swift */,
				5A8B2E052696624C00BC563E /* ThemeColor.swift */,
				5A8B2E0926972DC800BC563E /* Memorize+Theme.swift */,
			);
			path = Models;
			sourceTree = "<group>";
		};
		5AFB0D70268D258200CEEB5B /* MemorizeTests */ = {
			isa = PBXGroup;
			children = (
				5AFB0D71268D258200CEEB5B /* MemorizeTests.swift */,
				5ABC61F6268E8B7C004DE9C5 /* CardTests.swift */,
				5A8B2E07269720C600BC563E /* ThemeTests.swift */,
				5A9314652698F305006E4A9B /* Memorize+ThemeTests.swift */,
			);
			path = MemorizeTests;
			sourceTree = "<group>";
		};
/* End PBXGroup section */

/* Begin PBXNativeTarget section */
		5AAF175B268A86A70079476F /* Memorize */ = {
			isa = PBXNativeTarget;
			buildConfigurationList = 5AAF176A268A86AD0079476F /* Build configuration list for PBXNativeTarget "Memorize" */;
			buildPhases = (
				5AAF1758268A86A70079476F /* Sources */,
				5AAF1759268A86A70079476F /* Frameworks */,
				5AAF175A268A86A70079476F /* Resources */,
			);
			buildRules = (
			);
			dependencies = (
			);
			name = Memorize;
			productName = Memorize;
			productReference = 5AAF175C268A86A70079476F /* Memorize.app */;
			productType = "com.apple.product-type.application";
		};
		5AFB0D6E268D258200CEEB5B /* MemorizeTests */ = {
			isa = PBXNativeTarget;
			buildConfigurationList = 5AFB0D77268D258200CEEB5B /* Build configuration list for PBXNativeTarget "MemorizeTests" */;
			buildPhases = (
				5AFB0D6B268D258200CEEB5B /* Sources */,
				5AFB0D6C268D258200CEEB5B /* Frameworks */,
				5AFB0D6D268D258200CEEB5B /* Resources */,
			);
			buildRules = (
			);
			dependencies = (
				5AFB0D74268D258200CEEB5B /* PBXTargetDependency */,
			);
			name = MemorizeTests;
			productName = MemorizeTests;
			productReference = 5AFB0D6F268D258200CEEB5B /* MemorizeTests.xctest */;
			productType = "com.apple.product-type.bundle.unit-test";
		};
/* End PBXNativeTarget section */

/* Begin PBXProject section */
		5AAF1754268A86A70079476F /* Project object */ = {
			isa = PBXProject;
			attributes = {
				BuildIndependentTargetsInParallel = 1;
				LastSwiftUpdateCheck = 1300;
				LastUpgradeCheck = 1300;
				TargetAttributes = {
					5AAF175B268A86A70079476F = {
						CreatedOnToolsVersion = 13.0;
					};
					5AFB0D6E268D258200CEEB5B = {
						CreatedOnToolsVersion = 13.0;
						TestTargetID = 5AAF175B268A86A70079476F;
					};
				};
			};
			buildConfigurationList = 5AAF1757268A86A70079476F /* Build configuration list for PBXProject "Memorize" */;
			compatibilityVersion = "Xcode 13.0";
			developmentRegion = en;
			hasScannedForEncodings = 0;
			knownRegions = (
				en,
				Base,
			);
			mainGroup = 5AAF1753268A86A70079476F;
			productRefGroup = 5AAF175D268A86A70079476F /* Products */;
			projectDirPath = "";
			projectRoot = "";
			targets = (
				5AAF175B268A86A70079476F /* Memorize */,
				5AFB0D6E268D258200CEEB5B /* MemorizeTests */,
			);
		};
/* End PBXProject section */

/* Begin PBXResourcesBuildPhase section */
		5AAF175A268A86A70079476F /* Resources */ = {
			isa = PBXResourcesBuildPhase;
			buildActionMask = 2147483647;
			files = (
				5AAF1767268A86AD0079476F /* Preview Assets.xcassets in Resources */,
				5AAF1764268A86AD0079476F /* Assets.xcassets in Resources */,
			);
			runOnlyForDeploymentPostprocessing = 0;
		};
		5AFB0D6D268D258200CEEB5B /* Resources */ = {
			isa = PBXResourcesBuildPhase;
			buildActionMask = 2147483647;
			files = (
			);
			runOnlyForDeploymentPostprocessing = 0;
		};
/* End PBXResourcesBuildPhase section */

/* Begin PBXSourcesBuildPhase section */
		5AAF1758268A86A70079476F /* Sources */ = {
			isa = PBXSourcesBuildPhase;
			buildActionMask = 2147483647;
			files = (
				5AAF1773268B32EC0079476F /* CardsGridView.swift in Sources */,
				5ABC61F9268E8C16004DE9C5 /* Card.swift in Sources */,
				5AAF1762268A86A70079476F /* MemorizeView.swift in Sources */,
				5AAF1771268B31360079476F /* CardView.swift in Sources */,
				5AAF1775268B3DCB0079476F /* Memorize.swift in Sources */,
				5A8B2E0A26972DC800BC563E /* Memorize+Theme.swift in Sources */,
				5A8B2E062696624C00BC563E /* ThemeColor.swift in Sources */,
				5AAF1760268A86A70079476F /* MemorizeApp.swift in Sources */,
				5A8B2E042696608A00BC563E /* Theme.swift in Sources */,
			);
			runOnlyForDeploymentPostprocessing = 0;
		};
		5AFB0D6B268D258200CEEB5B /* Sources */ = {
			isa = PBXSourcesBuildPhase;
			buildActionMask = 2147483647;
			files = (
				5AFB0D72268D258200CEEB5B /* MemorizeTests.swift in Sources */,
				5A9314662698F305006E4A9B /* Memorize+ThemeTests.swift in Sources */,
				5ABC61F7268E8B7C004DE9C5 /* CardTests.swift in Sources */,
				5A8B2E08269720C600BC563E /* ThemeTests.swift in Sources */,
			);
			runOnlyForDeploymentPostprocessing = 0;
		};
/* End PBXSourcesBuildPhase section */

/* Begin PBXTargetDependency section */
		5AFB0D74268D258200CEEB5B /* PBXTargetDependency */ = {
			isa = PBXTargetDependency;
			target = 5AAF175B268A86A70079476F /* Memorize */;
			targetProxy = 5AFB0D73268D258200CEEB5B /* PBXContainerItemProxy */;
		};
/* End PBXTargetDependency section */

/* Begin XCBuildConfiguration section */
		5AAF1768268A86AD0079476F /* Debug */ = {
			isa = XCBuildConfiguration;
			buildSettings = {
				ALWAYS_SEARCH_USER_PATHS = NO;
				CLANG_ANALYZER_NONNULL = YES;
				CLANG_ANALYZER_NUMBER_OBJECT_CONVERSION = YES_AGGRESSIVE;
				CLANG_CXX_LANGUAGE_STANDARD = "gnu++14";
				CLANG_CXX_LIBRARY = "libc++";
				CLANG_ENABLE_MODULES = YES;
				CLANG_ENABLE_OBJC_ARC = YES;
				CLANG_ENABLE_OBJC_WEAK = YES;
				CLANG_WARN_BLOCK_CAPTURE_AUTORELEASING = YES;
				CLANG_WARN_BOOL_CONVERSION = YES;
				CLANG_WARN_COMMA = YES;
				CLANG_WARN_CONSTANT_CONVERSION = YES;
				CLANG_WARN_DEPRECATED_OBJC_IMPLEMENTATIONS = YES;
				CLANG_WARN_DIRECT_OBJC_ISA_USAGE = YES_ERROR;
				CLANG_WARN_DOCUMENTATION_COMMENTS = YES;
				CLANG_WARN_EMPTY_BODY = YES;
				CLANG_WARN_ENUM_CONVERSION = YES;
				CLANG_WARN_INFINITE_RECURSION = YES;
				CLANG_WARN_INT_CONVERSION = YES;
				CLANG_WARN_NON_LITERAL_NULL_CONVERSION = YES;
				CLANG_WARN_OBJC_IMPLICIT_RETAIN_SELF = YES;
				CLANG_WARN_OBJC_LITERAL_CONVERSION = YES;
				CLANG_WARN_OBJC_ROOT_CLASS = YES_ERROR;
				CLANG_WARN_QUOTED_INCLUDE_IN_FRAMEWORK_HEADER = YES;
				CLANG_WARN_RANGE_LOOP_ANALYSIS = YES;
				CLANG_WARN_STRICT_PROTOTYPES = YES;
				CLANG_WARN_SUSPICIOUS_MOVE = YES;
				CLANG_WARN_UNGUARDED_AVAILABILITY = YES_AGGRESSIVE;
				CLANG_WARN_UNREACHABLE_CODE = YES;
				CLANG_WARN__DUPLICATE_METHOD_MATCH = YES;
				COPY_PHASE_STRIP = NO;
				DEBUG_INFORMATION_FORMAT = dwarf;
				ENABLE_STRICT_OBJC_MSGSEND = YES;
				ENABLE_TESTABILITY = YES;
				GCC_C_LANGUAGE_STANDARD = gnu11;
				GCC_DYNAMIC_NO_PIC = NO;
				GCC_NO_COMMON_BLOCKS = YES;
				GCC_OPTIMIZATION_LEVEL = 0;
				GCC_PREPROCESSOR_DEFINITIONS = (
					"DEBUG=1",
					"$(inherited)",
				);
				GCC_WARN_64_TO_32_BIT_CONVERSION = YES;
				GCC_WARN_ABOUT_RETURN_TYPE = YES_ERROR;
				GCC_WARN_UNDECLARED_SELECTOR = YES;
				GCC_WARN_UNINITIALIZED_AUTOS = YES_AGGRESSIVE;
				GCC_WARN_UNUSED_FUNCTION = YES;
				GCC_WARN_UNUSED_VARIABLE = YES;
				IPHONEOS_DEPLOYMENT_TARGET = 15.0;
				MTL_ENABLE_DEBUG_INFO = INCLUDE_SOURCE;
				MTL_FAST_MATH = YES;
				ONLY_ACTIVE_ARCH = YES;
				SDKROOT = iphoneos;
				SWIFT_ACTIVE_COMPILATION_CONDITIONS = DEBUG;
				SWIFT_OPTIMIZATION_LEVEL = "-Onone";
			};
			name = Debug;
		};
		5AAF1769268A86AD0079476F /* Release */ = {
			isa = XCBuildConfiguration;
			buildSettings = {
				ALWAYS_SEARCH_USER_PATHS = NO;
				CLANG_ANALYZER_NONNULL = YES;
				CLANG_ANALYZER_NUMBER_OBJECT_CONVERSION = YES_AGGRESSIVE;
				CLANG_CXX_LANGUAGE_STANDARD = "gnu++14";
				CLANG_CXX_LIBRARY = "libc++";
				CLANG_ENABLE_MODULES = YES;
				CLANG_ENABLE_OBJC_ARC = YES;
				CLANG_ENABLE_OBJC_WEAK = YES;
				CLANG_WARN_BLOCK_CAPTURE_AUTORELEASING = YES;
				CLANG_WARN_BOOL_CONVERSION = YES;
				CLANG_WARN_COMMA = YES;
				CLANG_WARN_CONSTANT_CONVERSION = YES;
				CLANG_WARN_DEPRECATED_OBJC_IMPLEMENTATIONS = YES;
				CLANG_WARN_DIRECT_OBJC_ISA_USAGE = YES_ERROR;
				CLANG_WARN_DOCUMENTATION_COMMENTS = YES;
				CLANG_WARN_EMPTY_BODY = YES;
				CLANG_WARN_ENUM_CONVERSION = YES;
				CLANG_WARN_INFINITE_RECURSION = YES;
				CLANG_WARN_INT_CONVERSION = YES;
				CLANG_WARN_NON_LITERAL_NULL_CONVERSION = YES;
				CLANG_WARN_OBJC_IMPLICIT_RETAIN_SELF = YES;
				CLANG_WARN_OBJC_LITERAL_CONVERSION = YES;
				CLANG_WARN_OBJC_ROOT_CLASS = YES_ERROR;
				CLANG_WARN_QUOTED_INCLUDE_IN_FRAMEWORK_HEADER = YES;
				CLANG_WARN_RANGE_LOOP_ANALYSIS = YES;
				CLANG_WARN_STRICT_PROTOTYPES = YES;
				CLANG_WARN_SUSPICIOUS_MOVE = YES;
				CLANG_WARN_UNGUARDED_AVAILABILITY = YES_AGGRESSIVE;
				CLANG_WARN_UNREACHABLE_CODE = YES;
				CLANG_WARN__DUPLICATE_METHOD_MATCH = YES;
				COPY_PHASE_STRIP = NO;
				DEBUG_INFORMATION_FORMAT = "dwarf-with-dsym";
				ENABLE_NS_ASSERTIONS = NO;
				ENABLE_STRICT_OBJC_MSGSEND = YES;
				GCC_C_LANGUAGE_STANDARD = gnu11;
				GCC_NO_COMMON_BLOCKS = YES;
				GCC_WARN_64_TO_32_BIT_CONVERSION = YES;
				GCC_WARN_ABOUT_RETURN_TYPE = YES_ERROR;
				GCC_WARN_UNDECLARED_SELECTOR = YES;
				GCC_WARN_UNINITIALIZED_AUTOS = YES_AGGRESSIVE;
				GCC_WARN_UNUSED_FUNCTION = YES;
				GCC_WARN_UNUSED_VARIABLE = YES;
				IPHONEOS_DEPLOYMENT_TARGET = 15.0;
				MTL_ENABLE_DEBUG_INFO = NO;
				MTL_FAST_MATH = YES;
				SDKROOT = iphoneos;
				SWIFT_COMPILATION_MODE = wholemodule;
				SWIFT_OPTIMIZATION_LEVEL = "-O";
				VALIDATE_PRODUCT = YES;
			};
			name = Release;
		};
		5AAF176B268A86AD0079476F /* Debug */ = {
			isa = XCBuildConfiguration;
			buildSettings = {
				ASSETCATALOG_COMPILER_APPICON_NAME = AppIcon;
				ASSETCATALOG_COMPILER_GLOBAL_ACCENT_COLOR_NAME = AccentColor;
				CODE_SIGN_STYLE = Automatic;
				CURRENT_PROJECT_VERSION = 1;
				DEVELOPMENT_ASSET_PATHS = "\"Memorize/Supporting Files/Preview Content\"";
				DEVELOPMENT_TEAM = 8Y5X4LQQ8S;
				ENABLE_PREVIEWS = YES;
				GENERATE_INFOPLIST_FILE = YES;
				INFOPLIST_KEY_UIApplicationSceneManifest_Generation = YES;
				INFOPLIST_KEY_UIApplicationSupportsIndirectInputEvents = YES;
				INFOPLIST_KEY_UILaunchScreen_Generation = YES;
				INFOPLIST_KEY_UISupportedInterfaceOrientations_iPad = "UIInterfaceOrientationPortrait UIInterfaceOrientationPortraitUpsideDown UIInterfaceOrientationLandscapeLeft UIInterfaceOrientationLandscapeRight";
				INFOPLIST_KEY_UISupportedInterfaceOrientations_iPhone = "UIInterfaceOrientationPortrait UIInterfaceOrientationLandscapeLeft UIInterfaceOrientationLandscapeRight";
				IPHONEOS_DEPLOYMENT_TARGET = 14.0;
				LD_RUNPATH_SEARCH_PATHS = (
					"$(inherited)",
					"@executable_path/Frameworks",
				);
				MARKETING_VERSION = 1.0;
				PRODUCT_BUNDLE_IDENTIFIER = tiago.lopes.Memorize;
				PRODUCT_NAME = "$(TARGET_NAME)";
				SWIFT_EMIT_LOC_STRINGS = YES;
				SWIFT_VERSION = 5.0;
				TARGETED_DEVICE_FAMILY = "1,2";
			};
			name = Debug;
		};
		5AAF176C268A86AD0079476F /* Release */ = {
			isa = XCBuildConfiguration;
			buildSettings = {
				ASSETCATALOG_COMPILER_APPICON_NAME = AppIcon;
				ASSETCATALOG_COMPILER_GLOBAL_ACCENT_COLOR_NAME = AccentColor;
				CODE_SIGN_STYLE = Automatic;
				CURRENT_PROJECT_VERSION = 1;
				DEVELOPMENT_ASSET_PATHS = "\"Memorize/Supporting Files/Preview Content\"";
				DEVELOPMENT_TEAM = 8Y5X4LQQ8S;
				ENABLE_PREVIEWS = YES;
				GENERATE_INFOPLIST_FILE = YES;
				INFOPLIST_KEY_UIApplicationSceneManifest_Generation = YES;
				INFOPLIST_KEY_UIApplicationSupportsIndirectInputEvents = YES;
				INFOPLIST_KEY_UILaunchScreen_Generation = YES;
				INFOPLIST_KEY_UISupportedInterfaceOrientations_iPad = "UIInterfaceOrientationPortrait UIInterfaceOrientationPortraitUpsideDown UIInterfaceOrientationLandscapeLeft UIInterfaceOrientationLandscapeRight";
				INFOPLIST_KEY_UISupportedInterfaceOrientations_iPhone = "UIInterfaceOrientationPortrait UIInterfaceOrientationLandscapeLeft UIInterfaceOrientationLandscapeRight";
				IPHONEOS_DEPLOYMENT_TARGET = 14.0;
				LD_RUNPATH_SEARCH_PATHS = (
					"$(inherited)",
					"@executable_path/Frameworks",
				);
				MARKETING_VERSION = 1.0;
				PRODUCT_BUNDLE_IDENTIFIER = tiago.lopes.Memorize;
				PRODUCT_NAME = "$(TARGET_NAME)";
				SWIFT_EMIT_LOC_STRINGS = YES;
				SWIFT_VERSION = 5.0;
				TARGETED_DEVICE_FAMILY = "1,2";
			};
			name = Release;
		};
		5AFB0D75268D258200CEEB5B /* Debug */ = {
			isa = XCBuildConfiguration;
			buildSettings = {
				BUNDLE_LOADER = "$(TEST_HOST)";
				CODE_SIGN_STYLE = Automatic;
				CURRENT_PROJECT_VERSION = 1;
				DEVELOPMENT_TEAM = 8Y5X4LQQ8S;
				GENERATE_INFOPLIST_FILE = YES;
				LD_RUNPATH_SEARCH_PATHS = (
					"$(inherited)",
					"@executable_path/Frameworks",
					"@loader_path/Frameworks",
				);
				MARKETING_VERSION = 1.0;
				PRODUCT_BUNDLE_IDENTIFIER = tiago.lopes.MemorizeTests;
				PRODUCT_NAME = "$(TARGET_NAME)";
				SWIFT_EMIT_LOC_STRINGS = NO;
				SWIFT_VERSION = 5.0;
				TARGETED_DEVICE_FAMILY = "1,2";
				TEST_HOST = "$(BUILT_PRODUCTS_DIR)/Memorize.app/Memorize";
			};
			name = Debug;
		};
		5AFB0D76268D258200CEEB5B /* Release */ = {
			isa = XCBuildConfiguration;
			buildSettings = {
				BUNDLE_LOADER = "$(TEST_HOST)";
				CODE_SIGN_STYLE = Automatic;
				CURRENT_PROJECT_VERSION = 1;
				DEVELOPMENT_TEAM = 8Y5X4LQQ8S;
				GENERATE_INFOPLIST_FILE = YES;
				LD_RUNPATH_SEARCH_PATHS = (
					"$(inherited)",
					"@executable_path/Frameworks",
					"@loader_path/Frameworks",
				);
				MARKETING_VERSION = 1.0;
				PRODUCT_BUNDLE_IDENTIFIER = tiago.lopes.MemorizeTests;
				PRODUCT_NAME = "$(TARGET_NAME)";
				SWIFT_EMIT_LOC_STRINGS = NO;
				SWIFT_VERSION = 5.0;
				TARGETED_DEVICE_FAMILY = "1,2";
				TEST_HOST = "$(BUILT_PRODUCTS_DIR)/Memorize.app/Memorize";
			};
			name = Release;
		};
/* End XCBuildConfiguration section */

/* Begin XCConfigurationList section */
		5AAF1757268A86A70079476F /* Build configuration list for PBXProject "Memorize" */ = {
			isa = XCConfigurationList;
			buildConfigurations = (
				5AAF1768268A86AD0079476F /* Debug */,
				5AAF1769268A86AD0079476F /* Release */,
			);
			defaultConfigurationIsVisible = 0;
			defaultConfigurationName = Release;
		};
		5AAF176A268A86AD0079476F /* Build configuration list for PBXNativeTarget "Memorize" */ = {
			isa = XCConfigurationList;
			buildConfigurations = (
				5AAF176B268A86AD0079476F /* Debug */,
				5AAF176C268A86AD0079476F /* Release */,
			);
			defaultConfigurationIsVisible = 0;
			defaultConfigurationName = Release;
		};
		5AFB0D77268D258200CEEB5B /* Build configuration list for PBXNativeTarget "MemorizeTests" */ = {
			isa = XCConfigurationList;
			buildConfigurations = (
				5AFB0D75268D258200CEEB5B /* Debug */,
				5AFB0D76268D258200CEEB5B /* Release */,
			);
			defaultConfigurationIsVisible = 0;
			defaultConfigurationName = Release;
		};
/* End XCConfigurationList section */
	};
	rootObject = 5AAF1754268A86A70079476F /* Project object */;
}
