// !$*UTF8*$!
{
	archiveVersion = 1;
	classes = {
	};
	objectVersion = 55;
	objects = {

/* Begin PBXBuildFile section */
		5A0FE21427112269006AB3A8 /* SetGameView.swift in Sources */ = {isa = PBXBuildFile; fileRef = 5A0FE21327112269006AB3A8 /* SetGameView.swift */; };
		5A0FE21627146969006AB3A8 /* SetGameViewModel.swift in Sources */ = {isa = PBXBuildFile; fileRef = 5A0FE21527146969006AB3A8 /* SetGameViewModel.swift */; };
		5A0FE21827146B58006AB3A8 /* SetCardViewModel.swift in Sources */ = {isa = PBXBuildFile; fileRef = 5A0FE21727146B58006AB3A8 /* SetCardViewModel.swift */; };
		5A0FE21C27160167006AB3A8 /* SetCard.swift in Sources */ = {isa = PBXBuildFile; fileRef = 5A0FE21B27160167006AB3A8 /* SetCard.swift */; };
		5A2ED3A32742B7BD0043F8FD /* Shading.swift in Sources */ = {isa = PBXBuildFile; fileRef = 5A2ED3A22742B7BD0043F8FD /* Shading.swift */; };
		5A2ED3A52742B7E40043F8FD /* Shape.swift in Sources */ = {isa = PBXBuildFile; fileRef = 5A2ED3A42742B7E40043F8FD /* Shape.swift */; };
		5A2ED3A82742CFD10043F8FD /* DiamondShape.swift in Sources */ = {isa = PBXBuildFile; fileRef = 5A2ED3A72742CFD10043F8FD /* DiamondShape.swift */; };
		5A2ED3AA2742D9A10043F8FD /* SquiggleShape.swift in Sources */ = {isa = PBXBuildFile; fileRef = 5A2ED3A92742D9A10043F8FD /* SquiggleShape.swift */; };
		5A2ED3AE2742DC000043F8FD /* OvalShape.swift in Sources */ = {isa = PBXBuildFile; fileRef = 5A2ED3AD2742DC000043F8FD /* OvalShape.swift */; };
		5A55B93C2705436500B5248D /* SetTrio.swift in Sources */ = {isa = PBXBuildFile; fileRef = 5A55B93B2705436500B5248D /* SetTrio.swift */; };
		5A55B9402705DC0800B5248D /* SetTrioTests.swift in Sources */ = {isa = PBXBuildFile; fileRef = 5A55B93F2705DC0800B5248D /* SetTrioTests.swift */; };
		5A5650022708844100EDAEEB /* DeckDoubles.swift in Sources */ = {isa = PBXBuildFile; fileRef = 5A5650012708844100EDAEEB /* DeckDoubles.swift */; };
		5A66C13B26FCA94000203751 /* SetGameApp.swift in Sources */ = {isa = PBXBuildFile; fileRef = 5A66C13A26FCA94000203751 /* SetGameApp.swift */; };
		5A66C13F26FCA94500203751 /* Assets.xcassets in Resources */ = {isa = PBXBuildFile; fileRef = 5A66C13E26FCA94500203751 /* Assets.xcassets */; };
		5A66C14226FCA94500203751 /* Preview Assets.xcassets in Resources */ = {isa = PBXBuildFile; fileRef = 5A66C14126FCA94500203751 /* Preview Assets.xcassets */; };
		5A66C16926FCB65F00203751 /* SetGame.swift in Sources */ = {isa = PBXBuildFile; fileRef = 5A66C16826FCB65F00203751 /* SetGame.swift */; };
		5A88341026FD329A00292F1F /* ScrollableAspectVGrid.swift in Sources */ = {isa = PBXBuildFile; fileRef = 5A88340F26FD329A00292F1F /* ScrollableAspectVGrid.swift */; };
		5A88341226FD339100292F1F /* Card.swift in Sources */ = {isa = PBXBuildFile; fileRef = 5A88341126FD339100292F1F /* Card.swift */; };
		5AB1BD3026FEA4E900FA8FDF /* Deck.swift in Sources */ = {isa = PBXBuildFile; fileRef = 5AB1BD2F26FEA4E900FA8FDF /* Deck.swift */; };
		5AB1BD3226FF7B6B00FA8FDF /* DeckTests.swift in Sources */ = {isa = PBXBuildFile; fileRef = 5AB1BD3126FF7B6B00FA8FDF /* DeckTests.swift */; };
		5AB1BD3426FF9C9D00FA8FDF /* DeckConstants.swift in Sources */ = {isa = PBXBuildFile; fileRef = 5AB1BD3326FF9C9D00FA8FDF /* DeckConstants.swift */; };
		5AB1BD3727014C2D00FA8FDF /* SetGameTests.swift in Sources */ = {isa = PBXBuildFile; fileRef = 5AB1BD3627014C2D00FA8FDF /* SetGameTests.swift */; };
		5AC5EE9C27163ACB00F897D5 /* SetDeck.swift in Sources */ = {isa = PBXBuildFile; fileRef = 5AC5EE9B27163ACB00F897D5 /* SetDeck.swift */; };
		5AF5FB6F273773B700FD5FC5 /* SetCardView.swift in Sources */ = {isa = PBXBuildFile; fileRef = 5AF5FB6E273773B700FD5FC5 /* SetCardView.swift */; };
/* End PBXBuildFile section */

/* Begin PBXContainerItemProxy section */
		5A66C14826FCA94500203751 /* PBXContainerItemProxy */ = {
			isa = PBXContainerItemProxy;
			containerPortal = 5A66C12F26FCA94000203751 /* Project object */;
			proxyType = 1;
			remoteGlobalIDString = 5A66C13626FCA94000203751;
			remoteInfo = Set;
		};
/* End PBXContainerItemProxy section */

/* Begin PBXFileReference section */
		5A0FE21327112269006AB3A8 /* SetGameView.swift */ = {isa = PBXFileReference; lastKnownFileType = sourcecode.swift; path = SetGameView.swift; sourceTree = "<group>"; };
		5A0FE21527146969006AB3A8 /* SetGameViewModel.swift */ = {isa = PBXFileReference; lastKnownFileType = sourcecode.swift; path = SetGameViewModel.swift; sourceTree = "<group>"; };
		5A0FE21727146B58006AB3A8 /* SetCardViewModel.swift */ = {isa = PBXFileReference; lastKnownFileType = sourcecode.swift; path = SetCardViewModel.swift; sourceTree = "<group>"; };
		5A0FE21B27160167006AB3A8 /* SetCard.swift */ = {isa = PBXFileReference; lastKnownFileType = sourcecode.swift; path = SetCard.swift; sourceTree = "<group>"; };
		5A2ED3A22742B7BD0043F8FD /* Shading.swift */ = {isa = PBXFileReference; lastKnownFileType = sourcecode.swift; path = Shading.swift; sourceTree = "<group>"; };
		5A2ED3A42742B7E40043F8FD /* Shape.swift */ = {isa = PBXFileReference; lastKnownFileType = sourcecode.swift; path = Shape.swift; sourceTree = "<group>"; };
		5A2ED3A72742CFD10043F8FD /* DiamondShape.swift */ = {isa = PBXFileReference; lastKnownFileType = sourcecode.swift; path = DiamondShape.swift; sourceTree = "<group>"; };
		5A2ED3A92742D9A10043F8FD /* SquiggleShape.swift */ = {isa = PBXFileReference; lastKnownFileType = sourcecode.swift; path = SquiggleShape.swift; sourceTree = "<group>"; };
		5A2ED3AD2742DC000043F8FD /* OvalShape.swift */ = {isa = PBXFileReference; lastKnownFileType = sourcecode.swift; path = OvalShape.swift; sourceTree = "<group>"; };
		5A55B93B2705436500B5248D /* SetTrio.swift */ = {isa = PBXFileReference; lastKnownFileType = sourcecode.swift; path = SetTrio.swift; sourceTree = "<group>"; };
		5A55B93F2705DC0800B5248D /* SetTrioTests.swift */ = {isa = PBXFileReference; lastKnownFileType = sourcecode.swift; path = SetTrioTests.swift; sourceTree = "<group>"; };
		5A5650012708844100EDAEEB /* DeckDoubles.swift */ = {isa = PBXFileReference; lastKnownFileType = sourcecode.swift; path = DeckDoubles.swift; sourceTree = "<group>"; };
		5A66C13726FCA94000203751 /* Set.app */ = {isa = PBXFileReference; explicitFileType = wrapper.application; includeInIndex = 0; path = Set.app; sourceTree = BUILT_PRODUCTS_DIR; };
		5A66C13A26FCA94000203751 /* SetGameApp.swift */ = {isa = PBXFileReference; lastKnownFileType = sourcecode.swift; path = SetGameApp.swift; sourceTree = "<group>"; };
		5A66C13E26FCA94500203751 /* Assets.xcassets */ = {isa = PBXFileReference; lastKnownFileType = folder.assetcatalog; path = Assets.xcassets; sourceTree = "<group>"; };
		5A66C14126FCA94500203751 /* Preview Assets.xcassets */ = {isa = PBXFileReference; lastKnownFileType = folder.assetcatalog; path = "Preview Assets.xcassets"; sourceTree = "<group>"; };
		5A66C14726FCA94500203751 /* SetTests.xctest */ = {isa = PBXFileReference; explicitFileType = wrapper.cfbundle; includeInIndex = 0; path = SetTests.xctest; sourceTree = BUILT_PRODUCTS_DIR; };
		5A66C16826FCB65F00203751 /* SetGame.swift */ = {isa = PBXFileReference; lastKnownFileType = sourcecode.swift; path = SetGame.swift; sourceTree = "<group>"; };
		5A88340F26FD329A00292F1F /* ScrollableAspectVGrid.swift */ = {isa = PBXFileReference; lastKnownFileType = sourcecode.swift; path = ScrollableAspectVGrid.swift; sourceTree = "<group>"; };
		5A88341126FD339100292F1F /* Card.swift */ = {isa = PBXFileReference; lastKnownFileType = sourcecode.swift; path = Card.swift; sourceTree = "<group>"; };
		5AB1BD2F26FEA4E900FA8FDF /* Deck.swift */ = {isa = PBXFileReference; lastKnownFileType = sourcecode.swift; path = Deck.swift; sourceTree = "<group>"; };
		5AB1BD3126FF7B6B00FA8FDF /* DeckTests.swift */ = {isa = PBXFileReference; lastKnownFileType = sourcecode.swift; path = DeckTests.swift; sourceTree = "<group>"; };
		5AB1BD3326FF9C9D00FA8FDF /* DeckConstants.swift */ = {isa = PBXFileReference; lastKnownFileType = sourcecode.swift; path = DeckConstants.swift; sourceTree = "<group>"; };
		5AB1BD3627014C2D00FA8FDF /* SetGameTests.swift */ = {isa = PBXFileReference; lastKnownFileType = sourcecode.swift; path = SetGameTests.swift; sourceTree = "<group>"; };
		5AC5EE9B27163ACB00F897D5 /* SetDeck.swift */ = {isa = PBXFileReference; lastKnownFileType = sourcecode.swift; path = SetDeck.swift; sourceTree = "<group>"; };
		5AF5FB6E273773B700FD5FC5 /* SetCardView.swift */ = {isa = PBXFileReference; lastKnownFileType = sourcecode.swift; path = SetCardView.swift; sourceTree = "<group>"; };
/* End PBXFileReference section */

/* Begin PBXFrameworksBuildPhase section */
		5A66C13426FCA94000203751 /* Frameworks */ = {
			isa = PBXFrameworksBuildPhase;
			buildActionMask = 2147483647;
			files = (
			);
			runOnlyForDeploymentPostprocessing = 0;
		};
		5A66C14426FCA94500203751 /* Frameworks */ = {
			isa = PBXFrameworksBuildPhase;
			buildActionMask = 2147483647;
			files = (
			);
			runOnlyForDeploymentPostprocessing = 0;
		};
/* End PBXFrameworksBuildPhase section */

/* Begin PBXGroup section */
		5A0FE21D27163439006AB3A8 /* Game */ = {
			isa = PBXGroup;
			children = (
				5A66C16826FCB65F00203751 /* SetGame.swift */,
				5A0FE21B27160167006AB3A8 /* SetCard.swift */,
				5A55B93B2705436500B5248D /* SetTrio.swift */,
				5AC5EE9B27163ACB00F897D5 /* SetDeck.swift */,
			);
			path = Game;
			sourceTree = "<group>";
		};
		5A0FE21E2716344D006AB3A8 /* Default Card & Deck */ = {
			isa = PBXGroup;
			children = (
				5A88341126FD339100292F1F /* Card.swift */,
				5AB1BD2F26FEA4E900FA8FDF /* Deck.swift */,
			);
			path = "Default Card & Deck";
			sourceTree = "<group>";
		};
		5A66C12E26FCA94000203751 = {
			isa = PBXGroup;
			children = (
				5A66C13926FCA94000203751 /* Set */,
				5A66C14A26FCA94500203751 /* SetTests */,
				5A66C13826FCA94000203751 /* Products */,
			);
			sourceTree = "<group>";
		};
		5A66C13826FCA94000203751 /* Products */ = {
			isa = PBXGroup;
			children = (
				5A66C13726FCA94000203751 /* Set.app */,
				5A66C14726FCA94500203751 /* SetTests.xctest */,
			);
			name = Products;
			sourceTree = "<group>";
		};
		5A66C13926FCA94000203751 /* Set */ = {
			isa = PBXGroup;
			children = (
				5A66C13A26FCA94000203751 /* SetGameApp.swift */,
				5A66C16726FCAA0B00203751 /* Model */,
				5A66C16626FCAA0500203751 /* View */,
				5A66C16426FCA9E300203751 /* Resources */,
			);
			path = Set;
			sourceTree = "<group>";
		};
		5A66C14026FCA94500203751 /* Preview Content */ = {
			isa = PBXGroup;
			children = (
				5A66C14126FCA94500203751 /* Preview Assets.xcassets */,
			);
			path = "Preview Content";
			sourceTree = "<group>";
		};
		5A66C14A26FCA94500203751 /* SetTests */ = {
			isa = PBXGroup;
			children = (
				5A5650012708844100EDAEEB /* DeckDoubles.swift */,
				5AB1BD3326FF9C9D00FA8FDF /* DeckConstants.swift */,
				5AB1BD3126FF7B6B00FA8FDF /* DeckTests.swift */,
				5AB1BD3627014C2D00FA8FDF /* SetGameTests.swift */,
				5A55B93F2705DC0800B5248D /* SetTrioTests.swift */,
			);
			path = SetTests;
			sourceTree = "<group>";
		};
		5A66C16426FCA9E300203751 /* Resources */ = {
			isa = PBXGroup;
			children = (
				5A66C13E26FCA94500203751 /* Assets.xcassets */,
				5A66C14026FCA94500203751 /* Preview Content */,
			);
			path = Resources;
			sourceTree = "<group>";
		};
		5A66C16626FCAA0500203751 /* View */ = {
			isa = PBXGroup;
			children = (
				5AF5FB70273773BD00FD5FC5 /* Components */,
				5AF5FB71273773D900FD5FC5 /* SetGameView */,
				5AF5FB72273773EB00FD5FC5 /* SetCardView */,
			);
			path = View;
			sourceTree = "<group>";
		};
		5A66C16726FCAA0B00203751 /* Model */ = {
			isa = PBXGroup;
			children = (
				5A0FE21D27163439006AB3A8 /* Game */,
				5A0FE21E2716344D006AB3A8 /* Default Card & Deck */,
			);
			path = Model;
			sourceTree = "<group>";
		};
		5AF5FB70273773BD00FD5FC5 /* Components */ = {
			isa = PBXGroup;
			children = (
				5A88340F26FD329A00292F1F /* ScrollableAspectVGrid.swift */,
			);
			path = Components;
			sourceTree = "<group>";
		};
		5AF5FB71273773D900FD5FC5 /* SetGameView */ = {
			isa = PBXGroup;
			children = (
				5A0FE21327112269006AB3A8 /* SetGameView.swift */,
				5A0FE21527146969006AB3A8 /* SetGameViewModel.swift */,
			);
			path = SetGameView;
			sourceTree = "<group>";
		};
		5AF5FB72273773EB00FD5FC5 /* SetCardView */ = {
			isa = PBXGroup;
			children = (
				5A0FE21727146B58006AB3A8 /* SetCardViewModel.swift */,
				5A2ED3A22742B7BD0043F8FD /* Shading.swift */,
				5A2ED3A42742B7E40043F8FD /* Shape.swift */,
				5AF5FB6E273773B700FD5FC5 /* SetCardView.swift */,
				5A2ED3A72742CFD10043F8FD /* DiamondShape.swift */,
				5A2ED3A92742D9A10043F8FD /* SquiggleShape.swift */,
				5A2ED3AD2742DC000043F8FD /* OvalShape.swift */,
			);
			path = SetCardView;
			sourceTree = "<group>";
		};
/* End PBXGroup section */

/* Begin PBXNativeTarget section */
		5A66C13626FCA94000203751 /* Set */ = {
			isa = PBXNativeTarget;
			buildConfigurationList = 5A66C15B26FCA94500203751 /* Build configuration list for PBXNativeTarget "Set" */;
			buildPhases = (
				5A66C13326FCA94000203751 /* Sources */,
				5A66C13426FCA94000203751 /* Frameworks */,
				5A66C13526FCA94000203751 /* Resources */,
			);
			buildRules = (
			);
			dependencies = (
			);
			name = Set;
			productName = Set;
			productReference = 5A66C13726FCA94000203751 /* Set.app */;
			productType = "com.apple.product-type.application";
		};
		5A66C14626FCA94500203751 /* SetTests */ = {
			isa = PBXNativeTarget;
			buildConfigurationList = 5A66C15E26FCA94500203751 /* Build configuration list for PBXNativeTarget "SetTests" */;
			buildPhases = (
				5A66C14326FCA94500203751 /* Sources */,
				5A66C14426FCA94500203751 /* Frameworks */,
				5A66C14526FCA94500203751 /* Resources */,
			);
			buildRules = (
			);
			dependencies = (
				5A66C14926FCA94500203751 /* PBXTargetDependency */,
			);
			name = SetTests;
			productName = SetTests;
			productReference = 5A66C14726FCA94500203751 /* SetTests.xctest */;
			productType = "com.apple.product-type.bundle.unit-test";
		};
/* End PBXNativeTarget section */

/* Begin PBXProject section */
		5A66C12F26FCA94000203751 /* Project object */ = {
			isa = PBXProject;
			attributes = {
				BuildIndependentTargetsInParallel = 1;
				LastSwiftUpdateCheck = 1300;
				LastUpgradeCheck = 1300;
				TargetAttributes = {
					5A66C13626FCA94000203751 = {
						CreatedOnToolsVersion = 13.0;
					};
					5A66C14626FCA94500203751 = {
						CreatedOnToolsVersion = 13.0;
						LastSwiftMigration = 1300;
						TestTargetID = 5A66C13626FCA94000203751;
					};
				};
			};
			buildConfigurationList = 5A66C13226FCA94000203751 /* Build configuration list for PBXProject "Set" */;
			compatibilityVersion = "Xcode 13.0";
			developmentRegion = en;
			hasScannedForEncodings = 0;
			knownRegions = (
				en,
				Base,
			);
			mainGroup = 5A66C12E26FCA94000203751;
			productRefGroup = 5A66C13826FCA94000203751 /* Products */;
			projectDirPath = "";
			projectRoot = "";
			targets = (
				5A66C13626FCA94000203751 /* Set */,
				5A66C14626FCA94500203751 /* SetTests */,
			);
		};
/* End PBXProject section */

/* Begin PBXResourcesBuildPhase section */
		5A66C13526FCA94000203751 /* Resources */ = {
			isa = PBXResourcesBuildPhase;
			buildActionMask = 2147483647;
			files = (
				5A66C14226FCA94500203751 /* Preview Assets.xcassets in Resources */,
				5A66C13F26FCA94500203751 /* Assets.xcassets in Resources */,
			);
			runOnlyForDeploymentPostprocessing = 0;
		};
		5A66C14526FCA94500203751 /* Resources */ = {
			isa = PBXResourcesBuildPhase;
			buildActionMask = 2147483647;
			files = (
			);
			runOnlyForDeploymentPostprocessing = 0;
		};
/* End PBXResourcesBuildPhase section */

/* Begin PBXSourcesBuildPhase section */
		5A66C13326FCA94000203751 /* Sources */ = {
			isa = PBXSourcesBuildPhase;
			buildActionMask = 2147483647;
			files = (
				5A2ED3AE2742DC000043F8FD /* OvalShape.swift in Sources */,
				5A0FE21C27160167006AB3A8 /* SetCard.swift in Sources */,
				5AF5FB6F273773B700FD5FC5 /* SetCardView.swift in Sources */,
				5AC5EE9C27163ACB00F897D5 /* SetDeck.swift in Sources */,
				5A2ED3A52742B7E40043F8FD /* Shape.swift in Sources */,
				5AB1BD3026FEA4E900FA8FDF /* Deck.swift in Sources */,
				5A55B93C2705436500B5248D /* SetTrio.swift in Sources */,
				5A0FE21427112269006AB3A8 /* SetGameView.swift in Sources */,
				5A0FE21627146969006AB3A8 /* SetGameViewModel.swift in Sources */,
				5A88341026FD329A00292F1F /* ScrollableAspectVGrid.swift in Sources */,
				5A2ED3AA2742D9A10043F8FD /* SquiggleShape.swift in Sources */,
				5A88341226FD339100292F1F /* Card.swift in Sources */,
				5A66C16926FCB65F00203751 /* SetGame.swift in Sources */,
				5A66C13B26FCA94000203751 /* SetGameApp.swift in Sources */,
				5A2ED3A82742CFD10043F8FD /* DiamondShape.swift in Sources */,
				5A2ED3A32742B7BD0043F8FD /* Shading.swift in Sources */,
				5A0FE21827146B58006AB3A8 /* SetCardViewModel.swift in Sources */,
			);
			runOnlyForDeploymentPostprocessing = 0;
		};
		5A66C14326FCA94500203751 /* Sources */ = {
			isa = PBXSourcesBuildPhase;
			buildActionMask = 2147483647;
			files = (
				5A5650022708844100EDAEEB /* DeckDoubles.swift in Sources */,
				5AB1BD3426FF9C9D00FA8FDF /* DeckConstants.swift in Sources */,
				5AB1BD3226FF7B6B00FA8FDF /* DeckTests.swift in Sources */,
				5AB1BD3727014C2D00FA8FDF /* SetGameTests.swift in Sources */,
				5A55B9402705DC0800B5248D /* SetTrioTests.swift in Sources */,
			);
			runOnlyForDeploymentPostprocessing = 0;
		};
/* End PBXSourcesBuildPhase section */

/* Begin PBXTargetDependency section */
		5A66C14926FCA94500203751 /* PBXTargetDependency */ = {
			isa = PBXTargetDependency;
			target = 5A66C13626FCA94000203751 /* Set */;
			targetProxy = 5A66C14826FCA94500203751 /* PBXContainerItemProxy */;
		};
/* End PBXTargetDependency section */

/* Begin XCBuildConfiguration section */
		5A66C15926FCA94500203751 /* Debug */ = {
			isa = XCBuildConfiguration;
			buildSettings = {
				ALWAYS_SEARCH_USER_PATHS = NO;
				CLANG_ANALYZER_NONNULL = YES;
				CLANG_ANALYZER_NUMBER_OBJECT_CONVERSION = YES_AGGRESSIVE;
				CLANG_CXX_LANGUAGE_STANDARD = "gnu++17";
				CLANG_CXX_LIBRARY = "libc++";
				CLANG_ENABLE_MODULES = YES;
				CLANG_ENABLE_OBJC_ARC = YES;
				CLANG_ENABLE_OBJC_WEAK = YES;
				CLANG_WARN_BLOCK_CAPTURE_AUTORELEASING = YES;
				CLANG_WARN_BOOL_CONVERSION = YES;
				CLANG_WARN_COMMA = YES;
				CLANG_WARN_CONSTANT_CONVERSION = YES;
				CLANG_WARN_DEPRECATED_OBJC_IMPLEMENTATIONS = YES;
				CLANG_WARN_DIRECT_OBJC_ISA_USAGE = YES_ERROR;
				CLANG_WARN_DOCUMENTATION_COMMENTS = YES;
				CLANG_WARN_EMPTY_BODY = YES;
				CLANG_WARN_ENUM_CONVERSION = YES;
				CLANG_WARN_INFINITE_RECURSION = YES;
				CLANG_WARN_INT_CONVERSION = YES;
				CLANG_WARN_NON_LITERAL_NULL_CONVERSION = YES;
				CLANG_WARN_OBJC_IMPLICIT_RETAIN_SELF = YES;
				CLANG_WARN_OBJC_LITERAL_CONVERSION = YES;
				CLANG_WARN_OBJC_ROOT_CLASS = YES_ERROR;
				CLANG_WARN_QUOTED_INCLUDE_IN_FRAMEWORK_HEADER = YES;
				CLANG_WARN_RANGE_LOOP_ANALYSIS = YES;
				CLANG_WARN_STRICT_PROTOTYPES = YES;
				CLANG_WARN_SUSPICIOUS_MOVE = YES;
				CLANG_WARN_UNGUARDED_AVAILABILITY = YES_AGGRESSIVE;
				CLANG_WARN_UNREACHABLE_CODE = YES;
				CLANG_WARN__DUPLICATE_METHOD_MATCH = YES;
				COPY_PHASE_STRIP = NO;
				DEBUG_INFORMATION_FORMAT = dwarf;
				ENABLE_STRICT_OBJC_MSGSEND = YES;
				ENABLE_TESTABILITY = YES;
				GCC_C_LANGUAGE_STANDARD = gnu11;
				GCC_DYNAMIC_NO_PIC = NO;
				GCC_NO_COMMON_BLOCKS = YES;
				GCC_OPTIMIZATION_LEVEL = 0;
				GCC_PREPROCESSOR_DEFINITIONS = (
					"DEBUG=1",
					"$(inherited)",
				);
				GCC_WARN_64_TO_32_BIT_CONVERSION = YES;
				GCC_WARN_ABOUT_RETURN_TYPE = YES_ERROR;
				GCC_WARN_UNDECLARED_SELECTOR = YES;
				GCC_WARN_UNINITIALIZED_AUTOS = YES_AGGRESSIVE;
				GCC_WARN_UNUSED_FUNCTION = YES;
				GCC_WARN_UNUSED_VARIABLE = YES;
				IPHONEOS_DEPLOYMENT_TARGET = 15.0;
				MTL_ENABLE_DEBUG_INFO = INCLUDE_SOURCE;
				MTL_FAST_MATH = YES;
				ONLY_ACTIVE_ARCH = YES;
				SDKROOT = iphoneos;
				SWIFT_ACTIVE_COMPILATION_CONDITIONS = DEBUG;
				SWIFT_OPTIMIZATION_LEVEL = "-Onone";
			};
			name = Debug;
		};
		5A66C15A26FCA94500203751 /* Release */ = {
			isa = XCBuildConfiguration;
			buildSettings = {
				ALWAYS_SEARCH_USER_PATHS = NO;
				CLANG_ANALYZER_NONNULL = YES;
				CLANG_ANALYZER_NUMBER_OBJECT_CONVERSION = YES_AGGRESSIVE;
				CLANG_CXX_LANGUAGE_STANDARD = "gnu++17";
				CLANG_CXX_LIBRARY = "libc++";
				CLANG_ENABLE_MODULES = YES;
				CLANG_ENABLE_OBJC_ARC = YES;
				CLANG_ENABLE_OBJC_WEAK = YES;
				CLANG_WARN_BLOCK_CAPTURE_AUTORELEASING = YES;
				CLANG_WARN_BOOL_CONVERSION = YES;
				CLANG_WARN_COMMA = YES;
				CLANG_WARN_CONSTANT_CONVERSION = YES;
				CLANG_WARN_DEPRECATED_OBJC_IMPLEMENTATIONS = YES;
				CLANG_WARN_DIRECT_OBJC_ISA_USAGE = YES_ERROR;
				CLANG_WARN_DOCUMENTATION_COMMENTS = YES;
				CLANG_WARN_EMPTY_BODY = YES;
				CLANG_WARN_ENUM_CONVERSION = YES;
				CLANG_WARN_INFINITE_RECURSION = YES;
				CLANG_WARN_INT_CONVERSION = YES;
				CLANG_WARN_NON_LITERAL_NULL_CONVERSION = YES;
				CLANG_WARN_OBJC_IMPLICIT_RETAIN_SELF = YES;
				CLANG_WARN_OBJC_LITERAL_CONVERSION = YES;
				CLANG_WARN_OBJC_ROOT_CLASS = YES_ERROR;
				CLANG_WARN_QUOTED_INCLUDE_IN_FRAMEWORK_HEADER = YES;
				CLANG_WARN_RANGE_LOOP_ANALYSIS = YES;
				CLANG_WARN_STRICT_PROTOTYPES = YES;
				CLANG_WARN_SUSPICIOUS_MOVE = YES;
				CLANG_WARN_UNGUARDED_AVAILABILITY = YES_AGGRESSIVE;
				CLANG_WARN_UNREACHABLE_CODE = YES;
				CLANG_WARN__DUPLICATE_METHOD_MATCH = YES;
				COPY_PHASE_STRIP = NO;
				DEBUG_INFORMATION_FORMAT = "dwarf-with-dsym";
				ENABLE_NS_ASSERTIONS = NO;
				ENABLE_STRICT_OBJC_MSGSEND = YES;
				GCC_C_LANGUAGE_STANDARD = gnu11;
				GCC_NO_COMMON_BLOCKS = YES;
				GCC_WARN_64_TO_32_BIT_CONVERSION = YES;
				GCC_WARN_ABOUT_RETURN_TYPE = YES_ERROR;
				GCC_WARN_UNDECLARED_SELECTOR = YES;
				GCC_WARN_UNINITIALIZED_AUTOS = YES_AGGRESSIVE;
				GCC_WARN_UNUSED_FUNCTION = YES;
				GCC_WARN_UNUSED_VARIABLE = YES;
				IPHONEOS_DEPLOYMENT_TARGET = 15.0;
				MTL_ENABLE_DEBUG_INFO = NO;
				MTL_FAST_MATH = YES;
				SDKROOT = iphoneos;
				SWIFT_COMPILATION_MODE = wholemodule;
				SWIFT_OPTIMIZATION_LEVEL = "-O";
				VALIDATE_PRODUCT = YES;
			};
			name = Release;
		};
		5A66C15C26FCA94500203751 /* Debug */ = {
			isa = XCBuildConfiguration;
			buildSettings = {
				ASSETCATALOG_COMPILER_APPICON_NAME = AppIcon;
				ASSETCATALOG_COMPILER_GLOBAL_ACCENT_COLOR_NAME = AccentColor;
				CODE_SIGN_STYLE = Automatic;
				CURRENT_PROJECT_VERSION = 1;
				DEVELOPMENT_ASSET_PATHS = "\"Set/Resources/Preview Content\"";
				ENABLE_PREVIEWS = YES;
				GENERATE_INFOPLIST_FILE = YES;
				INFOPLIST_KEY_UIApplicationSceneManifest_Generation = YES;
				INFOPLIST_KEY_UIApplicationSupportsIndirectInputEvents = YES;
				INFOPLIST_KEY_UILaunchScreen_Generation = YES;
				INFOPLIST_KEY_UISupportedInterfaceOrientations_iPad = "UIInterfaceOrientationPortrait UIInterfaceOrientationPortraitUpsideDown UIInterfaceOrientationLandscapeLeft UIInterfaceOrientationLandscapeRight";
				INFOPLIST_KEY_UISupportedInterfaceOrientations_iPhone = "UIInterfaceOrientationPortrait UIInterfaceOrientationLandscapeLeft UIInterfaceOrientationLandscapeRight";
				IPHONEOS_DEPLOYMENT_TARGET = 14.0;
				LD_RUNPATH_SEARCH_PATHS = (
					"$(inherited)",
					"@executable_path/Frameworks",
				);
				MARKETING_VERSION = 1.0;
				PRODUCT_BUNDLE_IDENTIFIER = tiago.lopes.Set;
				PRODUCT_NAME = "$(TARGET_NAME)";
				SWIFT_EMIT_LOC_STRINGS = YES;
				SWIFT_VERSION = 5.0;
				TARGETED_DEVICE_FAMILY = "1,2";
			};
			name = Debug;
		};
		5A66C15D26FCA94500203751 /* Release */ = {
			isa = XCBuildConfiguration;
			buildSettings = {
				ASSETCATALOG_COMPILER_APPICON_NAME = AppIcon;
				ASSETCATALOG_COMPILER_GLOBAL_ACCENT_COLOR_NAME = AccentColor;
				CODE_SIGN_STYLE = Automatic;
				CURRENT_PROJECT_VERSION = 1;
				DEVELOPMENT_ASSET_PATHS = "\"Set/Resources/Preview Content\"";
				ENABLE_PREVIEWS = YES;
				GENERATE_INFOPLIST_FILE = YES;
				INFOPLIST_KEY_UIApplicationSceneManifest_Generation = YES;
				INFOPLIST_KEY_UIApplicationSupportsIndirectInputEvents = YES;
				INFOPLIST_KEY_UILaunchScreen_Generation = YES;
				INFOPLIST_KEY_UISupportedInterfaceOrientations_iPad = "UIInterfaceOrientationPortrait UIInterfaceOrientationPortraitUpsideDown UIInterfaceOrientationLandscapeLeft UIInterfaceOrientationLandscapeRight";
				INFOPLIST_KEY_UISupportedInterfaceOrientations_iPhone = "UIInterfaceOrientationPortrait UIInterfaceOrientationLandscapeLeft UIInterfaceOrientationLandscapeRight";
				IPHONEOS_DEPLOYMENT_TARGET = 14.0;
				LD_RUNPATH_SEARCH_PATHS = (
					"$(inherited)",
					"@executable_path/Frameworks",
				);
				MARKETING_VERSION = 1.0;
				PRODUCT_BUNDLE_IDENTIFIER = tiago.lopes.Set;
				PRODUCT_NAME = "$(TARGET_NAME)";
				SWIFT_EMIT_LOC_STRINGS = YES;
				SWIFT_VERSION = 5.0;
				TARGETED_DEVICE_FAMILY = "1,2";
			};
			name = Release;
		};
		5A66C15F26FCA94500203751 /* Debug */ = {
			isa = XCBuildConfiguration;
			buildSettings = {
				ALWAYS_EMBED_SWIFT_STANDARD_LIBRARIES = YES;
				BUNDLE_LOADER = "$(TEST_HOST)";
				CLANG_ENABLE_MODULES = YES;
				CODE_SIGN_STYLE = Automatic;
				CURRENT_PROJECT_VERSION = 1;
				GENERATE_INFOPLIST_FILE = YES;
				IPHONEOS_DEPLOYMENT_TARGET = 14.0;
				LD_RUNPATH_SEARCH_PATHS = (
					"$(inherited)",
					"@executable_path/Frameworks",
					"@loader_path/Frameworks",
				);
				MARKETING_VERSION = 1.0;
				PRODUCT_BUNDLE_IDENTIFIER = tiago.lopes.SetTests;
				PRODUCT_NAME = "$(TARGET_NAME)";
				SWIFT_EMIT_LOC_STRINGS = NO;
				SWIFT_OPTIMIZATION_LEVEL = "-Onone";
				SWIFT_VERSION = 5.0;
				TARGETED_DEVICE_FAMILY = "1,2";
				TEST_HOST = "$(BUILT_PRODUCTS_DIR)/Set.app/Set";
			};
			name = Debug;
		};
		5A66C16026FCA94500203751 /* Release */ = {
			isa = XCBuildConfiguration;
			buildSettings = {
				ALWAYS_EMBED_SWIFT_STANDARD_LIBRARIES = YES;
				BUNDLE_LOADER = "$(TEST_HOST)";
				CLANG_ENABLE_MODULES = YES;
				CODE_SIGN_STYLE = Automatic;
				CURRENT_PROJECT_VERSION = 1;
				GENERATE_INFOPLIST_FILE = YES;
				IPHONEOS_DEPLOYMENT_TARGET = 14.0;
				LD_RUNPATH_SEARCH_PATHS = (
					"$(inherited)",
					"@executable_path/Frameworks",
					"@loader_path/Frameworks",
				);
				MARKETING_VERSION = 1.0;
				PRODUCT_BUNDLE_IDENTIFIER = tiago.lopes.SetTests;
				PRODUCT_NAME = "$(TARGET_NAME)";
				SWIFT_EMIT_LOC_STRINGS = NO;
				SWIFT_VERSION = 5.0;
				TARGETED_DEVICE_FAMILY = "1,2";
				TEST_HOST = "$(BUILT_PRODUCTS_DIR)/Set.app/Set";
			};
			name = Release;
		};
/* End XCBuildConfiguration section */

/* Begin XCConfigurationList section */
		5A66C13226FCA94000203751 /* Build configuration list for PBXProject "Set" */ = {
			isa = XCConfigurationList;
			buildConfigurations = (
				5A66C15926FCA94500203751 /* Debug */,
				5A66C15A26FCA94500203751 /* Release */,
			);
			defaultConfigurationIsVisible = 0;
			defaultConfigurationName = Release;
		};
		5A66C15B26FCA94500203751 /* Build configuration list for PBXNativeTarget "Set" */ = {
			isa = XCConfigurationList;
			buildConfigurations = (
				5A66C15C26FCA94500203751 /* Debug */,
				5A66C15D26FCA94500203751 /* Release */,
			);
			defaultConfigurationIsVisible = 0;
			defaultConfigurationName = Release;
		};
		5A66C15E26FCA94500203751 /* Build configuration list for PBXNativeTarget "SetTests" */ = {
			isa = XCConfigurationList;
			buildConfigurations = (
				5A66C15F26FCA94500203751 /* Debug */,
				5A66C16026FCA94500203751 /* Release */,
			);
			defaultConfigurationIsVisible = 0;
			defaultConfigurationName = Release;
		};
/* End XCConfigurationList section */
	};
	rootObject = 5A66C12F26FCA94000203751 /* Project object */;
}
